
Microsoft Visual Studio Solution File, Format Version 11.00
# Visual Studio 2010
Project("{FAE04EC0-301F-11D3-BF4B-00C04F79EFBC}") = "iCarouselBinding", "iCarouselBinding\iCarouselBinding.csproj", "{E8EDAA21-69C1-4866-9037-28D83F0D4359}"
EndProject
Global
	GlobalSection(SolutionConfigurationPlatforms) = preSolution
		Debug|Any CPU = Debug|Any CPU
		Release|Any CPU = Release|Any CPU
	EndGlobalSection
	GlobalSection(ProjectConfigurationPlatforms) = postSolution
		{E8EDAA21-69C1-4866-9037-28D83F0D4359}.Debug|Any CPU.ActiveCfg = Debug|Any CPU
		{E8EDAA21-69C1-4866-9037-28D83F0D4359}.Debug|Any CPU.Build.0 = Debug|Any CPU
		{E8EDAA21-69C1-4866-9037-28D83F0D4359}.Release|Any CPU.ActiveCfg = Release|Any CPU
		{E8EDAA21-69C1-4866-9037-28D83F0D4359}.Release|Any CPU.Build.0 = Release|Any CPU
	EndGlobalSection
	GlobalSection(MonoDevelopProperties) = preSolution
		StartupItem = iCarouselBinding\iCarouselBinding.csproj
	EndGlobalSection
EndGlobal
